
Microsoft Visual Studio Solution File, Format Version 12.00
# Visual Studio Version 17
VisualStudioVersion = 17.5.33516.290
MinimumVisualStudioVersion = 10.0.40219.1
Project("{FAE04EC0-301F-11D3-BF4B-00C04F79EFBC}") = "HiddenVilla_server", "HiddenVilla_server\HiddenVilla_server.csproj", "{567019D5-F278-4FA8-A639-D6FF851FC780}"
EndProject
Global
	GlobalSection(SolutionConfigurationPlatforms) = preSolution
		Debug|Any CPU = Debug|Any CPU
		Release|Any CPU = Release|Any CPU
	EndGlobalSection
	GlobalSection(ProjectConfigurationPlatforms) = postSolution
		{567019D5-F278-4FA8-A639-D6FF851FC780}.Debug|Any CPU.ActiveCfg = Debug|Any CPU
		{567019D5-F278-4FA8-A639-D6FF851FC780}.Debug|Any CPU.Build.0 = Debug|Any CPU
		{567019D5-F278-4FA8-A639-D6FF851FC780}.Release|Any CPU.ActiveCfg = Release|Any CPU
		{567019D5-F278-4FA8-A639-D6FF851FC780}.Release|Any CPU.Build.0 = Release|Any CPU
	EndGlobalSection
	GlobalSection(SolutionProperties) = preSolution
		HideSolutionNode = FALSE
	EndGlobalSection
	GlobalSection(ExtensibilityGlobals) = postSolution
		SolutionGuid = {155B31BB-5DF1-47E7-8D30-BE202365D821}
	EndGlobalSection
EndGlobal
